
Microsoft Visual Studio Solution File, Format Version 12.00
# Visual Studio Version 16
VisualStudioVersion = 16.0.33130.400
MinimumVisualStudioVersion = 10.0.40219.1
Project("{FAE04EC0-301F-11D3-BF4B-00C04F79EFBC}") = "SecurityTest", "SecurityTest\SecurityTest.csproj", "{10F5E37D-EEAF-447F-8BC7-FBE156734F25}"
EndProject
Global
	GlobalSection(SolutionConfigurationPlatforms) = preSolution
		Debug|Any CPU = Debug|Any CPU
		Release|Any CPU = Release|Any CPU
	EndGlobalSection
	GlobalSection(ProjectConfigurationPlatforms) = postSolution
		{10F5E37D-EEAF-447F-8BC7-FBE156734F25}.Debug|Any CPU.ActiveCfg = Debug|Any CPU
		{10F5E37D-EEAF-447F-8BC7-FBE156734F25}.Debug|Any CPU.Build.0 = Debug|Any CPU
		{10F5E37D-EEAF-447F-8BC7-FBE156734F25}.Release|Any CPU.ActiveCfg = Release|Any CPU
		{10F5E37D-EEAF-447F-8BC7-FBE156734F25}.Release|Any CPU.Build.0 = Release|Any CPU
	EndGlobalSection
	GlobalSection(SolutionProperties) = preSolution
		HideSolutionNode = FALSE
	EndGlobalSection
	GlobalSection(ExtensibilityGlobals) = postSolution
		SolutionGuid = {D3EC397C-3ED3-4EDA-A540-A3A653F1AC66}
	EndGlobalSection
EndGlobal
